<?xml version="1.0" encoding="utf-8"?>
<Project ToolsVersion="4.0" xmlns="http://schemas.microsoft.com/developer/msbuild/2003">
  <ItemGroup>
    <Filter Include="Source Files">
      <Extensions>cpp;c;cc;cxx;def;odl;idl;hpj;bat;asm;asmx;*</Extensions>
      <UniqueIdentifier>{1B6134D8-208D-4D02-B777-E9DA26D050A6}</UniqueIdentifier>
    </Filter>
    <Filter Include="Header Files">
      <Extensions>h;hpp;hxx;hm;inl;inc;xsd</Extensions>
      <UniqueIdentifier>{6A0E034C-4EF6-446F-9571-99C5678AE1FE}</UniqueIdentifier>
    </Filter>
    <Filter Include="Resource Files">
      <Extensions>rc;ico;cur;bmp;dlg;rc2;rct;bin;rgs;gif;jpg;jpeg;jpe;resx;tiff;tif;png;wav;mfcribbon-ms;man;xml</Extensions>
      <UniqueIdentifier>{EEB7AA72-FBE6-400C-8621-AD969AB00940}</UniqueIdentifier>
    </Filter>
    <Filter Include="Source Files\libyara">
      <UniqueIdentifier>{e7ed2abf-3b3d-4b6b-90dd-16b559ef92cb}</UniqueIdentifier>
    </Filter>
  </ItemGroup>
  <ItemGroup>
    <ClCompile Include="scanUser.c">
      <Filter>Source Files</Filter>
    </ClCompile>
    <ClCompile Include="libyara\libyara.c">
      <Filter>Source Files\libyara</Filter>
    </ClCompile>
    <ClCompile Include="libyara\mem.c">
      <Filter>Source Files\libyara</Filter>
    </ClCompile>
    <ClCompile Include="libyara\re.c">
      <Filter>Source Files\libyara</Filter>
    </ClCompile>
    <ClCompile Include="libyara\ahocorasick.c">
      <Filter>Source Files\libyara</Filter>
    </ClCompile>
    <ClCompile Include="libyara\arena.c">
      <Filter>Source Files\libyara</Filter>
    </ClCompile>
    <ClCompile Include="libyara\atoms.c">
      <Filter>Source Files\libyara</Filter>
    </ClCompile>
    <ClCompile Include="libyara\compiler.c">
      <Filter>Source Files\libyara</Filter>
    </ClCompile>
    <ClCompile Include="libyara\exec.c">
      <Filter>Source Files\libyara</Filter>
    </ClCompile>
    <ClCompile Include="libyara\exefiles.c">
      <Filter>Source Files\libyara</Filter>
    </ClCompile>
    <ClCompile Include="libyara\filemap.c">
      <Filter>Source Files\libyara</Filter>
    </ClCompile>
    <ClCompile Include="libyara\grammar.c">
      <Filter>Source Files\libyara</Filter>
    </ClCompile>
    <ClCompile Include="libyara\hash.c">
      <Filter>Source Files\libyara</Filter>
    </ClCompile>
    <ClCompile Include="libyara\hex_grammar.c">
      <Filter>Source Files\libyara</Filter>
    </ClCompile>
    <ClCompile Include="libyara\hex_lexer.c">
      <Filter>Source Files\libyara</Filter>
    </ClCompile>
    <ClCompile Include="libyara\lexer.c">
      <Filter>Source Files\libyara</Filter>
    </ClCompile>
    <ClCompile Include="libyara\modules.c">
      <Filter>Source Files\libyara</Filter>
    </ClCompile>
    <ClCompile Include="libyara\object.c">
      <Filter>Source Files\libyara</Filter>
    </ClCompile>
    <ClCompile Include="libyara\parser.c">
      <Filter>Source Files\libyara</Filter>
    </ClCompile>
    <ClCompile Include="libyara\proc.c">
      <Filter>Source Files\libyara</Filter>
    </ClCompile>
    <ClCompile Include="libyara\re_grammar.c">
      <Filter>Source Files\libyara</Filter>
    </ClCompile>
    <ClCompile Include="libyara\re_lexer.c">
      <Filter>Source Files\libyara</Filter>
    </ClCompile>
    <ClCompile Include="libyara\rules.c">
      <Filter>Source Files\libyara</Filter>
    </ClCompile>
    <ClCompile Include="libyara\scan.c">
      <Filter>Source Files\libyara</Filter>
    </ClCompile>
    <ClCompile Include="libyara\utils.c">
      <Filter>Source Files\libyara</Filter>
    </ClCompile>
    <ClCompile Include="libyara\modules\cuckoo.c">
      <Filter>Source Files\libyara</Filter>
    </ClCompile>
    <ClCompile Include="libyara\modules\tests.c">
      <Filter>Source Files\libyara</Filter>
    </ClCompile>
    <ClCompile Include="libyara\modules\pe.c">
      <Filter>Source Files\libyara</Filter>
    </ClCompile>
  </ItemGroup>
  <ItemGroup>
    <ClInclude Include="*.h;*.hpp;*.hxx;*.hm;*.inl;*.xsd">
      <Filter>Header Files</Filter>
    </ClInclude>
    <ClInclude Include="libyara\include\yara\libyara.h">
      <Filter>Header Files</Filter>
    </ClInclude>
  </ItemGroup>
  <ItemGroup>
    <ResourceCompile Include="scanUser.rc">
      <Filter>Resource Files</Filter>
    </ResourceCompile>
  </ItemGroup>
  <ItemGroup>
    <None Include="libyara\grammar.y">
      <Filter>Source Files\libyara</Filter>
    </None>
    <None Include="libyara\hex_grammar.y">
      <Filter>Source Files\libyara</Filter>
    </None>
    <None Include="libyara\hex_lexer.l">
      <Filter>Source Files\libyara</Filter>
    </None>
    <None Include="libyara\re_grammar.y">
      <Filter>Source Files\libyara</Filter>
    </None>
    <None Include="libyara\re_lexer.l">
      <Filter>Source Files\libyara</Filter>
    </None>
    <None Include="libyara\lexer.l">
      <Filter>Source Files\libyara</Filter>
    </None>
  </ItemGroup>
</Project>